
Microsoft Visual Studio Solution File, Format Version 12.00
# Visual Studio 15
VisualStudioVersion = 15.0.28307.902
MinimumVisualStudioVersion = 10.0.40219.1
Project("{888888A0-9F3D-457C-B088-3A5042F75D52}") = "Task1", "Task1\Task1.pyproj", "{7E8788BE-1FC9-47DE-9AD9-009EEFB2EA97}"
EndProject
Global
	GlobalSection(SolutionConfigurationPlatforms) = preSolution
		Debug|Any CPU = Debug|Any CPU
		Release|Any CPU = Release|Any CPU
	EndGlobalSection
	GlobalSection(ProjectConfigurationPlatforms) = postSolution
		{7E8788BE-1FC9-47DE-9AD9-009EEFB2EA97}.Debug|Any CPU.ActiveCfg = Debug|Any CPU
		{7E8788BE-1FC9-47DE-9AD9-009EEFB2EA97}.Release|Any CPU.ActiveCfg = Release|Any CPU
	EndGlobalSection
	GlobalSection(SolutionProperties) = preSolution
		HideSolutionNode = FALSE
	EndGlobalSection
	GlobalSection(ExtensibilityGlobals) = postSolution
		SolutionGuid = {B30E5D36-4183-45E5-A553-A0E95D05AFCC}
	EndGlobalSection
EndGlobal
