
Microsoft Visual Studio Solution File, Format Version 12.00
# Visual Studio 15
VisualStudioVersion = 15.0.28307.2092
MinimumVisualStudioVersion = 10.0.40219.1
Project("{888888A0-9F3D-457C-B088-3A5042F75D52}") = "Task1", "Task1\Task1.pyproj", "{D141D479-EEA2-4F68-8187-4190E1DD3284}"
EndProject
Project("{888888A0-9F3D-457C-B088-3A5042F75D52}") = "Task2", "Task2\Task2.pyproj", "{BCCB6350-0429-4E5D-AB01-557328B7AFA0}"
EndProject
Global
	GlobalSection(SolutionConfigurationPlatforms) = preSolution
		Debug|Any CPU = Debug|Any CPU
		Release|Any CPU = Release|Any CPU
	EndGlobalSection
	GlobalSection(ProjectConfigurationPlatforms) = postSolution
		{D141D479-EEA2-4F68-8187-4190E1DD3284}.Debug|Any CPU.ActiveCfg = Debug|Any CPU
		{D141D479-EEA2-4F68-8187-4190E1DD3284}.Release|Any CPU.ActiveCfg = Release|Any CPU
		{BCCB6350-0429-4E5D-AB01-557328B7AFA0}.Debug|Any CPU.ActiveCfg = Debug|Any CPU
		{BCCB6350-0429-4E5D-AB01-557328B7AFA0}.Release|Any CPU.ActiveCfg = Release|Any CPU
	EndGlobalSection
	GlobalSection(SolutionProperties) = preSolution
		HideSolutionNode = FALSE
	EndGlobalSection
	GlobalSection(ExtensibilityGlobals) = postSolution
		SolutionGuid = {2F7ED699-FD66-405B-9251-0489874C59C7}
	EndGlobalSection
EndGlobal
