
Microsoft Visual Studio Solution File, Format Version 12.00
# Visual Studio 15
VisualStudioVersion = 15.0.28307.902
MinimumVisualStudioVersion = 10.0.40219.1
Project("{888888A0-9F3D-457C-B088-3A5042F75D52}") = "Task1", "Task1\Task1.pyproj", "{A10D41BD-5059-42FD-9C14-80AAA8AEE1A2}"
EndProject
Project("{888888A0-9F3D-457C-B088-3A5042F75D52}") = "Task2", "Task2\Task2.pyproj", "{8ED0BBBD-E526-4113-AF73-0BC1A3CB4728}"
EndProject
Project("{888888A0-9F3D-457C-B088-3A5042F75D52}") = "Task3", "Task3\Task3.pyproj", "{727E3D5A-6737-4B68-896D-FFBAE6C0FCAD}"
EndProject
Global
	GlobalSection(SolutionConfigurationPlatforms) = preSolution
		Debug|Any CPU = Debug|Any CPU
		Release|Any CPU = Release|Any CPU
	EndGlobalSection
	GlobalSection(ProjectConfigurationPlatforms) = postSolution
		{A10D41BD-5059-42FD-9C14-80AAA8AEE1A2}.Debug|Any CPU.ActiveCfg = Debug|Any CPU
		{A10D41BD-5059-42FD-9C14-80AAA8AEE1A2}.Release|Any CPU.ActiveCfg = Release|Any CPU
		{8ED0BBBD-E526-4113-AF73-0BC1A3CB4728}.Debug|Any CPU.ActiveCfg = Debug|Any CPU
		{8ED0BBBD-E526-4113-AF73-0BC1A3CB4728}.Release|Any CPU.ActiveCfg = Release|Any CPU
		{727E3D5A-6737-4B68-896D-FFBAE6C0FCAD}.Debug|Any CPU.ActiveCfg = Debug|Any CPU
		{727E3D5A-6737-4B68-896D-FFBAE6C0FCAD}.Release|Any CPU.ActiveCfg = Release|Any CPU
	EndGlobalSection
	GlobalSection(SolutionProperties) = preSolution
		HideSolutionNode = FALSE
	EndGlobalSection
	GlobalSection(ExtensibilityGlobals) = postSolution
		SolutionGuid = {E7842B20-D34F-437C-B85D-C657BE9343AB}
	EndGlobalSection
EndGlobal
