
Microsoft Visual Studio Solution File, Format Version 12.00
# Visual Studio 15
VisualStudioVersion = 15.0.28307.902
MinimumVisualStudioVersion = 10.0.40219.1
Project("{888888A0-9F3D-457C-B088-3A5042F75D52}") = "Python-calc", "Python-calc\Python-calc.pyproj", "{07872240-804B-4609-9362-146BADB9CA43}"
EndProject
Global
	GlobalSection(SolutionConfigurationPlatforms) = preSolution
		Debug|Any CPU = Debug|Any CPU
		Release|Any CPU = Release|Any CPU
	EndGlobalSection
	GlobalSection(ProjectConfigurationPlatforms) = postSolution
		{07872240-804B-4609-9362-146BADB9CA43}.Debug|Any CPU.ActiveCfg = Debug|Any CPU
		{07872240-804B-4609-9362-146BADB9CA43}.Release|Any CPU.ActiveCfg = Release|Any CPU
	EndGlobalSection
	GlobalSection(SolutionProperties) = preSolution
		HideSolutionNode = FALSE
	EndGlobalSection
	GlobalSection(ExtensibilityGlobals) = postSolution
		SolutionGuid = {510F1D1E-2113-4422-BA76-FC8A2BFD6927}
	EndGlobalSection
EndGlobal
